{
  "requires": true,
  "lockfileVersion": 1,
  "dependencies": {
    "axios": {
      "version": "0.18.0",
      "resolved": "http://registry.npm.taobao.org/axios/download/axios-0.18.0.tgz",
      "requires": {
        "follow-redirects": "1.5.10",
        "is-buffer": "1.1.6"
      },
      "dependencies": {
        "follow-redirects": {
          "version": "1.5.10",
          "bundled": true,
          "requires": {
            "debug": "3.1.0"
          },
          "dependencies": {
            "debug": {
              "version": "3.1.0",
              "bundled": true,
              "requires": {
                "ms": "2.0.0"
              }
            },
            "ms": {
              "version": "2.0.0",
              "bundled": true
            }
          }
        },
        "is-buffer": {
          "version": "1.1.6",
          "bundled": true
        }
      }
    },
    "blue-validate": {
      "version": "1.1.5",
      "resolved": "https://registry.npmjs.org/blue-validate/-/blue-validate-1.1.5.tgz",
      "integrity": "sha512-LrcgC/UaeZyXoxe1Mb9OPSFA1mTB8unPuduhUam72UeXsSwO6Z4gFb6HAOhBBnto3jHdsh6cmCRK+vj7w1KKNA=="
    },
    "fastclick": {
      "version": "1.0.6",
      "resolved": "http://registry.npm.taobao.org/fastclick/download/fastclick-1.0.6.tgz"
    },
    "mint-ui": {
      "version": "2.2.13",
      "resolved": "http://registry.npm.taobao.org/mint-ui/download/mint-ui-2.2.13.tgz",
      "requires": {
        "array-find-index": "1.0.2",
        "raf.js": "0.0.4",
        "vue-lazyload": "1.2.6"
      },
      "dependencies": {
        "array-find-index": {
          "version": "1.0.2",
          "bundled": true
        },
        "raf.js": {
          "version": "0.0.4",
          "bundled": true
        },
        "vue-lazyload": {
          "version": "1.2.6",
          "bundled": true
        }
      }
    },
    "vue-awesome-swiper": {
      "version": "3.1.3",
      "resolved": "http://registry.npm.taobao.org/vue-awesome-swiper/download/vue-awesome-swiper-3.1.3.tgz",
      "requires": {
        "object-assign": "4.1.1",
        "swiper": "4.4.6"
      },
      "dependencies": {
        "object-assign": {
          "version": "4.1.1",
          "bundled": true
        },
        "swiper": {
          "version": "4.4.6",
          "bundled": true,
          "requires": {
            "dom7": "2.1.2",
            "ssr-window": "1.0.1"
          },
          "dependencies": {
            "dom7": {
              "version": "2.1.2",
              "bundled": true,
              "requires": {
                "ssr-window": "1.0.1"
              }
            },
            "ssr-window": {
              "version": "1.0.1",
              "bundled": true
            }
          }
        }
      }
    },
    "vue-upload-component": {
      "version": "2.8.16",
      "resolved": "http://registry.npm.taobao.org/vue-upload-component/download/vue-upload-component-2.8.16.tgz"
    }
  }
}
