{
  "requires": true,
  "lockfileVersion": 1,
  "dependencies": {
    "axios": {
      "version": "http://registry.npm.taobao.org/axios/download/axios-0.18.0.tgz",
      "requires": {
        "follow-redirects": "1.5.10",
        "is-buffer": "1.1.6"
      },
      "dependencies": {
        "follow-redirects": {
          "version": "1.5.10",
          "bundled": true,
          "requires": {
            "debug": "3.1.0"
          },
          "dependencies": {
            "debug": {
              "version": "3.1.0",
              "bundled": true,
              "requires": {
                "ms": "2.0.0"
              }
            },
            "ms": {
              "version": "2.0.0",
              "bundled": true
            }
          }
        },
        "is-buffer": {
          "version": "1.1.6",
          "bundled": true
        }
      }
    },
    "blue-photoswipe": {
      "version": "1.0.0",
      "resolved": "https://registry.npmjs.org/blue-photoswipe/-/blue-photoswipe-1.0.0.tgz",
      "integrity": "sha512-+b67EEBBleKNnTZ4rlGCVLJOGBaxSFrthzYE84/13QqzDdk6afS6Y5L34EjIE7raRt1F1uylFxMTjfsw82DUog=="
    },
    "blue-photoswipe-component": {
      "version": "1.0.0",
      "resolved": "https://registry.npmjs.org/blue-photoswipe-component/-/blue-photoswipe-component-1.0.0.tgz",
      "integrity": "sha512-V5K0hkMt6z6QGyt6RHY8a1lRxxSupRRrv88pnDxOBgcX7JTOveL77NYVEPh2GLWn0U+5g8qsDoUf2t0gt2j0IQ==",
      "requires": {
        "blue-photoswipe": "1.0.0",
        "blue-photoswipe-ui-default": "1.0.0"
      }
    },
    "blue-photoswipe-ui-default": {
      "version": "1.0.0",
      "resolved": "https://registry.npmjs.org/blue-photoswipe-ui-default/-/blue-photoswipe-ui-default-1.0.0.tgz",
      "integrity": "sha512-OU412sqzQYQS3vp5FUbIvB5FqIxNwpuzwOOSM6Erqcw7lR3BRbK74s8GYFuI3LlqttHrjE4jFPolxbD79ZHn/g=="
    },
    "blue-utils": {
      "version": "1.0.0",
      "resolved": "https://registry.npmjs.org/blue-utils/-/blue-utils-1.0.0.tgz",
      "integrity": "sha512-CYZLKovC2VCuczsJymUIQbfyV5d7h9G+jtNstJ+nOmo5zUbsCSfqnizLKeHC90EltYXniakaLpwZoWLT8DijJw=="
    },
    "blue-validate": {
      "version": "1.1.11",
      "resolved": "https://registry.npmjs.org/blue-validate/-/blue-validate-1.1.11.tgz",
      "integrity": "sha512-Ync9IiHsSZH9tVty7UK7LPtGTCcoTD/sMJBON9JutBfHSgtNn/5eom7BE3f5OZS/56qVCxQph0EtfKEjoobENA=="
    },
    "fastclick": {
      "version": "http://registry.npm.taobao.org/fastclick/download/fastclick-1.0.6.tgz"
    },
    "photoswipe": {
      "version": "4.1.3",
      "resolved": "https://registry.npmjs.org/photoswipe/-/photoswipe-4.1.3.tgz",
      "integrity": "sha512-89Z43IRUyw7ycTolo+AaiDn3W1EEIfox54hERmm9bI12IB9cvRfHSHez3XhAyU8XW2EAFrC+2sKMhh7SJwn0bA=="
    },
    "velocity-animate": {
      "version": "1.5.2",
      "resolved": "https://registry.npmjs.org/velocity-animate/-/velocity-animate-1.5.2.tgz",
      "integrity": "sha512-m6EXlCAMetKztO1ppBhGU1/1MR3IiEevO6ESq6rcrSQ3Q77xYSW13jkfXW88o4xMrkXJhy/U7j4wFR/twMB0Eg=="
    },
    "vue-awesome-swiper": {
      "version": "http://registry.npm.taobao.org/vue-awesome-swiper/download/vue-awesome-swiper-3.1.3.tgz",
      "requires": {
        "object-assign": "4.1.1",
        "swiper": "4.4.6"
      },
      "dependencies": {
        "object-assign": {
          "version": "4.1.1",
          "bundled": true
        },
        "swiper": {
          "version": "4.4.6",
          "bundled": true,
          "requires": {
            "dom7": "2.1.2",
            "ssr-window": "1.0.1"
          },
          "dependencies": {
            "dom7": {
              "version": "2.1.2",
              "bundled": true,
              "requires": {
                "ssr-window": "1.0.1"
              }
            },
            "ssr-window": {
              "version": "1.0.1",
              "bundled": true
            }
          }
        }
      }
    },
    "vue-picture-preview": {
      "version": "1.2.1",
      "resolved": "https://registry.npmjs.org/vue-picture-preview/-/vue-picture-preview-1.2.1.tgz",
      "integrity": "sha512-TS2aksRSLHm67AdZdHt9xmEIm8WC7N2mY+/1ZYaaO9k7RgLAN4GhdsL0pghduipxbetxDNv7toV2zeTDL1rDLQ=="
    },
    "vue-preview": {
      "version": "1.1.3",
      "resolved": "https://registry.npmjs.org/vue-preview/-/vue-preview-1.1.3.tgz",
      "integrity": "sha512-ko/W1vxgmngiDTL/cMSc36Hq2k7ZPynKBdPoRGupNMlESGkjSdo1RTJcHmYDZZgtSbm10OBJPuPYmzdW1N76xQ==",
      "requires": {
        "photoswipe": "4.1.3"
      }
    },
    "vue-upload-component": {
      "version": "http://registry.npm.taobao.org/vue-upload-component/download/vue-upload-component-2.8.16.tgz"
    }
  }
}
