{
  "name": "blue-photoswipe-component",
  "version": "1.0.0",
  "lockfileVersion": 1,
  "requires": true,
  "dependencies": {
    "blue-photoswipe": {
      "version": "1.0.0",
      "resolved": "https://registry.npmjs.org/blue-photoswipe/-/blue-photoswipe-1.0.0.tgz",
      "integrity": "sha512-+b67EEBBleKNnTZ4rlGCVLJOGBaxSFrthzYE84/13QqzDdk6afS6Y5L34EjIE7raRt1F1uylFxMTjfsw82DUog=="
    }
  }
}
